// !$*UTF8*$!
{
	archiveVersion = 1;
	classes = {
	};
	objectVersion = 46;
	objects = {

/* Begin PBXBuildFile section */
		1F560D9A1D3D3BD700047B10 /* fmt.cpp in Sources */ = {isa = PBXBuildFile; fileRef = 1F560D991D3D3BD700047B10 /* fmt.cpp */; };
		1F560D9C1D3D3BD700047B10 /* FMT.1 in CopyFiles */ = {isa = PBXBuildFile; fileRef = 1F560D9B1D3D3BD700047B10 /* FMT.1 */; };
		1F560DA41D3D568000047B10 /* main.cpp in Sources */ = {isa = PBXBuildFile; fileRef = 1F560DA31D3D568000047B10 /* main.cpp */; };
/* End PBXBuildFile section */

/* Begin PBXCopyFilesBuildPhase section */
		1F560D941D3D3BD700047B10 /* CopyFiles */ = {
			isa = PBXCopyFilesBuildPhase;
			buildActionMask = 2147483647;
			dstPath = /usr/share/man/man1/;
			dstSubfolderSpec = 0;
			files = (
				1F560D9C1D3D3BD700047B10 /* FMT.1 in CopyFiles */,
			);
			runOnlyForDeploymentPostprocessing = 1;
		};
/* End PBXCopyFilesBuildPhase section */

/* Begin PBXFileReference section */
		1F560D961D3D3BD700047B10 /* FMT */ = {isa = PBXFileReference; explicitFileType = "compiled.mach-o.executable"; includeInIndex = 0; path = FMT; sourceTree = BUILT_PRODUCTS_DIR; };
		1F560D991D3D3BD700047B10 /* fmt.cpp */ = {isa = PBXFileReference; lastKnownFileType = sourcecode.cpp.cpp; path = fmt.cpp; sourceTree = "<group>"; };
		1F560D9B1D3D3BD700047B10 /* FMT.1 */ = {isa = PBXFileReference; lastKnownFileType = text.man; path = FMT.1; sourceTree = "<group>"; };
		1F560DA21D3D3BE900047B10 /* fmt.h */ = {isa = PBXFileReference; lastKnownFileType = sourcecode.c.h; path = fmt.h; sourceTree = "<group>"; };
		1F560DA31D3D568000047B10 /* main.cpp */ = {isa = PBXFileReference; fileEncoding = 4; lastKnownFileType = sourcecode.cpp.cpp; path = main.cpp; sourceTree = "<group>"; };
/* End PBXFileReference section */

/* Begin PBXFrameworksBuildPhase section */
		1F560D931D3D3BD700047B10 /* Frameworks */ = {
			isa = PBXFrameworksBuildPhase;
			buildActionMask = 2147483647;
			files = (
			);
			runOnlyForDeploymentPostprocessing = 0;
		};
/* End PBXFrameworksBuildPhase section */

/* Begin PBXGroup section */
		1F560D8D1D3D3BD600047B10 = {
			isa = PBXGroup;
			children = (
				1F560D981D3D3BD700047B10 /* FMT */,
				1F560D971D3D3BD700047B10 /* Products */,
			);
			sourceTree = "<group>";
		};
		1F560D971D3D3BD700047B10 /* Products */ = {
			isa = PBXGroup;
			children = (
				1F560D961D3D3BD700047B10 /* FMT */,
			);
			name = Products;
			sourceTree = "<group>";
		};
		1F560D981D3D3BD700047B10 /* FMT */ = {
			isa = PBXGroup;
			children = (
				1F560D991D3D3BD700047B10 /* fmt.cpp */,
				1F560DA31D3D568000047B10 /* main.cpp */,
				1F560DA21D3D3BE900047B10 /* fmt.h */,
				1F560D9B1D3D3BD700047B10 /* FMT.1 */,
			);
			path = FMT;
			sourceTree = "<group>";
		};
/* End PBXGroup section */

/* Begin PBXNativeTarget section */
		1F560D951D3D3BD700047B10 /* FMT */ = {
			isa = PBXNativeTarget;
			buildConfigurationList = 1F560D9F1D3D3BD700047B10 /* Build configuration list for PBXNativeTarget "FMT" */;
			buildPhases = (
				1F560D921D3D3BD700047B10 /* Sources */,
				1F560D931D3D3BD700047B10 /* Frameworks */,
				1F560D941D3D3BD700047B10 /* CopyFiles */,
			);
			buildRules = (
			);
			dependencies = (
			);
			name = FMT;
			productName = FMT;
			productReference = 1F560D961D3D3BD700047B10 /* FMT */;
			productType = "com.apple.product-type.tool";
		};
/* End PBXNativeTarget section */

/* Begin PBXProject section */
		1F560D8E1D3D3BD600047B10 /* Project object */ = {
			isa = PBXProject;
			attributes = {
				LastUpgradeCheck = 0510;
				ORGANIZATIONNAME = ASL;
			};
			buildConfigurationList = 1F560D911D3D3BD600047B10 /* Build configuration list for PBXProject "FMT" */;
			compatibilityVersion = "Xcode 3.2";
			developmentRegion = English;
			hasScannedForEncodings = 0;
			knownRegions = (
				en,
			);
			mainGroup = 1F560D8D1D3D3BD600047B10;
			productRefGroup = 1F560D971D3D3BD700047B10 /* Products */;
			projectDirPath = "";
			projectRoot = "";
			targets = (
				1F560D951D3D3BD700047B10 /* FMT */,
			);
		};
/* End PBXProject section */

/* Begin PBXSourcesBuildPhase section */
		1F560D921D3D3BD700047B10 /* Sources */ = {
			isa = PBXSourcesBuildPhase;
			buildActionMask = 2147483647;
			files = (
				1F560DA41D3D568000047B10 /* main.cpp in Sources */,
				1F560D9A1D3D3BD700047B10 /* fmt.cpp in Sources */,
			);
			runOnlyForDeploymentPostprocessing = 0;
		};
/* End PBXSourcesBuildPhase section */

/* Begin XCBuildConfiguration section */
		1F560D9D1D3D3BD700047B10 /* Debug */ = {
			isa = XCBuildConfiguration;
			buildSettings = {
				ALWAYS_SEARCH_USER_PATHS = NO;
				CLANG_CXX_LANGUAGE_STANDARD = "gnu++0x";
				CLANG_CXX_LIBRARY = "libc++";
				CLANG_ENABLE_MODULES = YES;
				CLANG_ENABLE_OBJC_ARC = YES;
				CLANG_WARN_BOOL_CONVERSION = YES;
				CLANG_WARN_CONSTANT_CONVERSION = YES;
				CLANG_WARN_DIRECT_OBJC_ISA_USAGE = YES_ERROR;
				CLANG_WARN_EMPTY_BODY = YES;
				CLANG_WARN_ENUM_CONVERSION = YES;
				CLANG_WARN_INT_CONVERSION = YES;
				CLANG_WARN_OBJC_ROOT_CLASS = YES_ERROR;
				CLANG_WARN__DUPLICATE_METHOD_MATCH = YES;
				COPY_PHASE_STRIP = NO;
				GCC_C_LANGUAGE_STANDARD = gnu99;
				GCC_DYNAMIC_NO_PIC = NO;
				GCC_ENABLE_OBJC_EXCEPTIONS = YES;
				GCC_OPTIMIZATION_LEVEL = 3;
				GCC_PREPROCESSOR_DEFINITIONS = (
					"DEBUG=1",
					"$(inherited)",
				);
				GCC_SYMBOLS_PRIVATE_EXTERN = NO;
				GCC_WARN_64_TO_32_BIT_CONVERSION = YES;
				GCC_WARN_ABOUT_RETURN_TYPE = YES_ERROR;
				GCC_WARN_UNDECLARED_SELECTOR = YES;
				GCC_WARN_UNINITIALIZED_AUTOS = YES_AGGRESSIVE;
				GCC_WARN_UNUSED_FUNCTION = YES;
				GCC_WARN_UNUSED_VARIABLE = YES;
				MACOSX_DEPLOYMENT_TARGET = 10.9;
				ONLY_ACTIVE_ARCH = YES;
				SDKROOT = macosx;
			};
			name = Debug;
		};
		1F560D9E1D3D3BD700047B10 /* Release */ = {
			isa = XCBuildConfiguration;
			buildSettings = {
				ALWAYS_SEARCH_USER_PATHS = NO;
				CLANG_CXX_LANGUAGE_STANDARD = "gnu++0x";
				CLANG_CXX_LIBRARY = "libc++";
				CLANG_ENABLE_MODULES = YES;
				CLANG_ENABLE_OBJC_ARC = YES;
				CLANG_WARN_BOOL_CONVERSION = YES;
				CLANG_WARN_CONSTANT_CONVERSION = YES;
				CLANG_WARN_DIRECT_OBJC_ISA_USAGE = YES_ERROR;
				CLANG_WARN_EMPTY_BODY = YES;
				CLANG_WARN_ENUM_CONVERSION = YES;
				CLANG_WARN_INT_CONVERSION = YES;
				CLANG_WARN_OBJC_ROOT_CLASS = YES_ERROR;
				CLANG_WARN__DUPLICATE_METHOD_MATCH = YES;
				COPY_PHASE_STRIP = YES;
				DEBUG_INFORMATION_FORMAT = "dwarf-with-dsym";
				ENABLE_NS_ASSERTIONS = NO;
				GCC_C_LANGUAGE_STANDARD = gnu99;
				GCC_ENABLE_OBJC_EXCEPTIONS = YES;
				GCC_OPTIMIZATION_LEVEL = 3;
				GCC_WARN_64_TO_32_BIT_CONVERSION = YES;
				GCC_WARN_ABOUT_RETURN_TYPE = YES_ERROR;
				GCC_WARN_UNDECLARED_SELECTOR = YES;
				GCC_WARN_UNINITIALIZED_AUTOS = YES_AGGRESSIVE;
				GCC_WARN_UNUSED_FUNCTION = YES;
				GCC_WARN_UNUSED_VARIABLE = YES;
				MACOSX_DEPLOYMENT_TARGET = 10.9;
				SDKROOT = macosx;
			};
			name = Release;
		};
		1F560DA01D3D3BD700047B10 /* Debug */ = {
			isa = XCBuildConfiguration;
			buildSettings = {
				PRODUCT_NAME = "$(TARGET_NAME)";
			};
			name = Debug;
		};
		1F560DA11D3D3BD700047B10 /* Release */ = {
			isa = XCBuildConfiguration;
			buildSettings = {
				"OTHER_CPLUSPLUSFLAGS[arch=*]" = "$(OTHER_CFLAGS)";
				PRODUCT_NAME = "$(TARGET_NAME)";
			};
			name = Release;
		};
/* End XCBuildConfiguration section */

/* Begin XCConfigurationList section */
		1F560D911D3D3BD600047B10 /* Build configuration list for PBXProject "FMT" */ = {
			isa = XCConfigurationList;
			buildConfigurations = (
				1F560D9D1D3D3BD700047B10 /* Debug */,
				1F560D9E1D3D3BD700047B10 /* Release */,
			);
			defaultConfigurationIsVisible = 0;
			defaultConfigurationName = Release;
		};
		1F560D9F1D3D3BD700047B10 /* Build configuration list for PBXNativeTarget "FMT" */ = {
			isa = XCConfigurationList;
			buildConfigurations = (
				1F560DA01D3D3BD700047B10 /* Debug */,
				1F560DA11D3D3BD700047B10 /* Release */,
			);
			defaultConfigurationIsVisible = 0;
		};
/* End XCConfigurationList section */
	};
	rootObject = 1F560D8E1D3D3BD600047B10 /* Project object */;
}
